
Microsoft Visual Studio Solution File, Format Version 12.00
# Visual Studio Version 17
VisualStudioVersion = 17.13.35931.197
MinimumVisualStudioVersion = 10.0.40219.1
Project("{2150E333-8FDC-42A3-9474-1A3956D46DE8}") = "UI", "UI", "{02EA681E-C7D8-13C7-8484-4AC65E1B71E8}"
EndProject
Project("{2150E333-8FDC-42A3-9474-1A3956D46DE8}") = "Backend", "Backend", "{78A862F5-858B-4D84-81D6-0A49C23F5416}"
EndProject
Project("{2150E333-8FDC-42A3-9474-1A3956D46DE8}") = "Unit Test", "Unit Test", "{331CC942-E4C2-4F2E-9EF6-41EBD17132E1}"
EndProject
Project("{FAE04EC0-301F-11D3-BF4B-00C04F79EFBC}") = "ePizzaHub.UI", "ePizzaHub.UI\ePizzaHub.UI.csproj", "{47868977-C9D8-429E-9AEF-0017184CF483}"
EndProject
Project("{2150E333-8FDC-42A3-9474-1A3956D46DE8}") = "API", "API", "{EE783B00-8132-4126-901F-69D20329F043}"
EndProject
Project("{2150E333-8FDC-42A3-9474-1A3956D46DE8}") = "Core", "Core", "{2A6E5875-3BA0-479A-8691-3D90BB8B6A4A}"
EndProject
Project("{2150E333-8FDC-42A3-9474-1A3956D46DE8}") = "Infrastructure", "Infrastructure", "{BDE0A1BF-6EDF-4302-9E4B-AB6089A52E93}"
EndProject
Project("{FAE04EC0-301F-11D3-BF4B-00C04F79EFBC}") = "ePizzaHub.API", "ePizzaHub.API\ePizzaHub.API.csproj", "{E9377AC2-C107-4B4D-A482-B6FBF160F22B}"
EndProject
Project("{FAE04EC0-301F-11D3-BF4B-00C04F79EFBC}") = "ePizzaHub.Infrastructure", "ePizzaHub.Infrastructure\ePizzaHub.Infrastructure.csproj", "{6172B2C6-2E9E-46E3-852D-51172C811A94}"
EndProject
Project("{FAE04EC0-301F-11D3-BF4B-00C04F79EFBC}") = "ePizzaHub.Core", "ePizzaHub.Core\ePizzaHub.Core.csproj", "{52107A8C-7471-4FD1-B9A5-1B8BF40E64BA}"
EndProject
Project("{FAE04EC0-301F-11D3-BF4B-00C04F79EFBC}") = "ePizzaHub.Models", "ePizzaHub.Models\ePizzaHub.Models.csproj", "{88C3D91C-583F-488F-91C0-2FEC9C133971}"
EndProject
Project("{FAE04EC0-301F-11D3-BF4B-00C04F79EFBC}") = "ePizzaHub.Repositories", "ePizzaHub.Repositories\ePizzaHub.Repositories.csproj", "{51DCDCAD-83B0-4D2B-9392-FF459580F054}"
EndProject
Global
	GlobalSection(SolutionConfigurationPlatforms) = preSolution
		Debug|Any CPU = Debug|Any CPU
		Release|Any CPU = Release|Any CPU
	EndGlobalSection
	GlobalSection(ProjectConfigurationPlatforms) = postSolution
		{47868977-C9D8-429E-9AEF-0017184CF483}.Debug|Any CPU.ActiveCfg = Debug|Any CPU
		{47868977-C9D8-429E-9AEF-0017184CF483}.Debug|Any CPU.Build.0 = Debug|Any CPU
		{47868977-C9D8-429E-9AEF-0017184CF483}.Release|Any CPU.ActiveCfg = Release|Any CPU
		{47868977-C9D8-429E-9AEF-0017184CF483}.Release|Any CPU.Build.0 = Release|Any CPU
		{E9377AC2-C107-4B4D-A482-B6FBF160F22B}.Debug|Any CPU.ActiveCfg = Debug|Any CPU
		{E9377AC2-C107-4B4D-A482-B6FBF160F22B}.Debug|Any CPU.Build.0 = Debug|Any CPU
		{E9377AC2-C107-4B4D-A482-B6FBF160F22B}.Release|Any CPU.ActiveCfg = Release|Any CPU
		{E9377AC2-C107-4B4D-A482-B6FBF160F22B}.Release|Any CPU.Build.0 = Release|Any CPU
		{6172B2C6-2E9E-46E3-852D-51172C811A94}.Debug|Any CPU.ActiveCfg = Debug|Any CPU
		{6172B2C6-2E9E-46E3-852D-51172C811A94}.Debug|Any CPU.Build.0 = Debug|Any CPU
		{6172B2C6-2E9E-46E3-852D-51172C811A94}.Release|Any CPU.ActiveCfg = Release|Any CPU
		{6172B2C6-2E9E-46E3-852D-51172C811A94}.Release|Any CPU.Build.0 = Release|Any CPU
		{52107A8C-7471-4FD1-B9A5-1B8BF40E64BA}.Debug|Any CPU.ActiveCfg = Debug|Any CPU
		{52107A8C-7471-4FD1-B9A5-1B8BF40E64BA}.Debug|Any CPU.Build.0 = Debug|Any CPU
		{52107A8C-7471-4FD1-B9A5-1B8BF40E64BA}.Release|Any CPU.ActiveCfg = Release|Any CPU
		{52107A8C-7471-4FD1-B9A5-1B8BF40E64BA}.Release|Any CPU.Build.0 = Release|Any CPU
		{88C3D91C-583F-488F-91C0-2FEC9C133971}.Debug|Any CPU.ActiveCfg = Debug|Any CPU
		{88C3D91C-583F-488F-91C0-2FEC9C133971}.Debug|Any CPU.Build.0 = Debug|Any CPU
		{88C3D91C-583F-488F-91C0-2FEC9C133971}.Release|Any CPU.ActiveCfg = Release|Any CPU
		{88C3D91C-583F-488F-91C0-2FEC9C133971}.Release|Any CPU.Build.0 = Release|Any CPU
		{51DCDCAD-83B0-4D2B-9392-FF459580F054}.Debug|Any CPU.ActiveCfg = Debug|Any CPU
		{51DCDCAD-83B0-4D2B-9392-FF459580F054}.Debug|Any CPU.Build.0 = Debug|Any CPU
		{51DCDCAD-83B0-4D2B-9392-FF459580F054}.Release|Any CPU.ActiveCfg = Release|Any CPU
		{51DCDCAD-83B0-4D2B-9392-FF459580F054}.Release|Any CPU.Build.0 = Release|Any CPU
	EndGlobalSection
	GlobalSection(SolutionProperties) = preSolution
		HideSolutionNode = FALSE
	EndGlobalSection
	GlobalSection(NestedProjects) = preSolution
		{47868977-C9D8-429E-9AEF-0017184CF483} = {02EA681E-C7D8-13C7-8484-4AC65E1B71E8}
		{EE783B00-8132-4126-901F-69D20329F043} = {78A862F5-858B-4D84-81D6-0A49C23F5416}
		{2A6E5875-3BA0-479A-8691-3D90BB8B6A4A} = {78A862F5-858B-4D84-81D6-0A49C23F5416}
		{BDE0A1BF-6EDF-4302-9E4B-AB6089A52E93} = {78A862F5-858B-4D84-81D6-0A49C23F5416}
		{E9377AC2-C107-4B4D-A482-B6FBF160F22B} = {EE783B00-8132-4126-901F-69D20329F043}
		{6172B2C6-2E9E-46E3-852D-51172C811A94} = {BDE0A1BF-6EDF-4302-9E4B-AB6089A52E93}
		{52107A8C-7471-4FD1-B9A5-1B8BF40E64BA} = {2A6E5875-3BA0-479A-8691-3D90BB8B6A4A}
		{88C3D91C-583F-488F-91C0-2FEC9C133971} = {2A6E5875-3BA0-479A-8691-3D90BB8B6A4A}
		{51DCDCAD-83B0-4D2B-9392-FF459580F054} = {BDE0A1BF-6EDF-4302-9E4B-AB6089A52E93}
	EndGlobalSection
	GlobalSection(ExtensibilityGlobals) = postSolution
		SolutionGuid = {CBCAE970-3F90-4562-90AD-3DF2EE82BD06}
	EndGlobalSection
EndGlobal
